// !$*UTF8*$!
{
	archiveVersion = 1;
	classes = {
	};
	objectVersion = 46;
	objects = {

/* Begin PBXBuildFile section */
		02D4D2D11AC2574200D43510 /* main.cpp in Sources */ = {isa = PBXBuildFile; fileRef = 02D4D2D01AC2574200D43510 /* main.cpp */; };
		02D4D2D81AC2574D00D43510 /* Cocoa.framework in Frameworks */ = {isa = PBXBuildFile; fileRef = 02D4D2D71AC2574D00D43510 /* Cocoa.framework */; };
		02D4D2DA1AC2575300D43510 /* GLUT.framework in Frameworks */ = {isa = PBXBuildFile; fileRef = 02D4D2D91AC2575300D43510 /* GLUT.framework */; };
		02D4D2DC1AC2575D00D43510 /* OpenGL.framework in Frameworks */ = {isa = PBXBuildFile; fileRef = 02D4D2DB1AC2575D00D43510 /* OpenGL.framework */; };
		D81227761AD4F3AD00AB27AC /* image_DXT.c in Sources */ = {isa = PBXBuildFile; fileRef = D812276C1AD4F3AD00AB27AC /* image_DXT.c */; };
		D81227771AD4F3AD00AB27AC /* image_helper.c in Sources */ = {isa = PBXBuildFile; fileRef = D812276E1AD4F3AD00AB27AC /* image_helper.c */; };
		D81227781AD4F3AD00AB27AC /* SOIL.c in Sources */ = {isa = PBXBuildFile; fileRef = D81227701AD4F3AD00AB27AC /* SOIL.c */; };
		D81227791AD4F3AD00AB27AC /* stb_image_aug.c in Sources */ = {isa = PBXBuildFile; fileRef = D81227721AD4F3AD00AB27AC /* stb_image_aug.c */; };
/* End PBXBuildFile section */

/* Begin PBXCopyFilesBuildPhase section */
		02D4D2CB1AC2574200D43510 /* CopyFiles */ = {
			isa = PBXCopyFilesBuildPhase;
			buildActionMask = 2147483647;
			dstPath = /usr/share/man/man1/;
			dstSubfolderSpec = 0;
			files = (
			);
			runOnlyForDeploymentPostprocessing = 1;
		};
/* End PBXCopyFilesBuildPhase section */

/* Begin PBXFileReference section */
		02D4D2CD1AC2574200D43510 /* openGL */ = {isa = PBXFileReference; explicitFileType = "compiled.mach-o.executable"; includeInIndex = 0; path = openGL; sourceTree = BUILT_PRODUCTS_DIR; };
		02D4D2D01AC2574200D43510 /* main.cpp */ = {isa = PBXFileReference; lastKnownFileType = sourcecode.cpp.cpp; path = main.cpp; sourceTree = "<group>"; };
		02D4D2D71AC2574D00D43510 /* Cocoa.framework */ = {isa = PBXFileReference; lastKnownFileType = wrapper.framework; name = Cocoa.framework; path = System/Library/Frameworks/Cocoa.framework; sourceTree = SDKROOT; };
		02D4D2D91AC2575300D43510 /* GLUT.framework */ = {isa = PBXFileReference; lastKnownFileType = wrapper.framework; name = GLUT.framework; path = System/Library/Frameworks/GLUT.framework; sourceTree = SDKROOT; };
		02D4D2DB1AC2575D00D43510 /* OpenGL.framework */ = {isa = PBXFileReference; lastKnownFileType = wrapper.framework; name = OpenGL.framework; path = System/Library/Frameworks/OpenGL.framework; sourceTree = SDKROOT; };
		D812276C1AD4F3AD00AB27AC /* image_DXT.c */ = {isa = PBXFileReference; fileEncoding = 4; lastKnownFileType = sourcecode.c.c; path = image_DXT.c; sourceTree = "<group>"; };
		D812276D1AD4F3AD00AB27AC /* image_DXT.h */ = {isa = PBXFileReference; fileEncoding = 4; lastKnownFileType = sourcecode.c.h; path = image_DXT.h; sourceTree = "<group>"; };
		D812276E1AD4F3AD00AB27AC /* image_helper.c */ = {isa = PBXFileReference; fileEncoding = 4; lastKnownFileType = sourcecode.c.c; path = image_helper.c; sourceTree = "<group>"; };
		D812276F1AD4F3AD00AB27AC /* image_helper.h */ = {isa = PBXFileReference; fileEncoding = 4; lastKnownFileType = sourcecode.c.h; path = image_helper.h; sourceTree = "<group>"; };
		D81227701AD4F3AD00AB27AC /* SOIL.c */ = {isa = PBXFileReference; fileEncoding = 4; lastKnownFileType = sourcecode.c.c; path = SOIL.c; sourceTree = "<group>"; };
		D81227711AD4F3AD00AB27AC /* SOIL.h */ = {isa = PBXFileReference; fileEncoding = 4; lastKnownFileType = sourcecode.c.h; path = SOIL.h; sourceTree = "<group>"; };
		D81227721AD4F3AD00AB27AC /* stb_image_aug.c */ = {isa = PBXFileReference; fileEncoding = 4; lastKnownFileType = sourcecode.c.c; path = stb_image_aug.c; sourceTree = "<group>"; };
		D81227731AD4F3AD00AB27AC /* stb_image_aug.h */ = {isa = PBXFileReference; fileEncoding = 4; lastKnownFileType = sourcecode.c.h; path = stb_image_aug.h; sourceTree = "<group>"; };
		D81227741AD4F3AD00AB27AC /* stbi_DDS_aug.h */ = {isa = PBXFileReference; fileEncoding = 4; lastKnownFileType = sourcecode.c.h; path = stbi_DDS_aug.h; sourceTree = "<group>"; };
		D81227751AD4F3AD00AB27AC /* stbi_DDS_aug_c.h */ = {isa = PBXFileReference; fileEncoding = 4; lastKnownFileType = sourcecode.c.h; path = stbi_DDS_aug_c.h; sourceTree = "<group>"; };
		D8C26F051AD77AC700B93BE4 /* GL-Symbol-9.jpg */ = {isa = PBXFileReference; lastKnownFileType = image.jpeg; path = "GL-Symbol-9.jpg"; sourceTree = "<group>"; };
		D8C26F061AD77AC700B93BE4 /* GL-Symbol-9.png */ = {isa = PBXFileReference; lastKnownFileType = image.png; path = "GL-Symbol-9.png"; sourceTree = "<group>"; };
		D8C26F071AD77AC700B93BE4 /* Laser.mov */ = {isa = PBXFileReference; lastKnownFileType = video.quicktime; path = Laser.mov; sourceTree = "<group>"; };
		D8C26F081AD77AC700B93BE4 /* wpid-universe-wallpaper.jpg */ = {isa = PBXFileReference; lastKnownFileType = image.jpeg; path = "wpid-universe-wallpaper.jpg"; sourceTree = "<group>"; };
		D8C26F091AD77AC700B93BE4 /* wpid-universe-wallpaper.png */ = {isa = PBXFileReference; lastKnownFileType = image.png; path = "wpid-universe-wallpaper.png"; sourceTree = "<group>"; };
		D8C26F0A1AD7957900B93BE4 /* help.png */ = {isa = PBXFileReference; lastKnownFileType = image.png; path = help.png; sourceTree = "<group>"; };
/* End PBXFileReference section */

/* Begin PBXFrameworksBuildPhase section */
		02D4D2CA1AC2574200D43510 /* Frameworks */ = {
			isa = PBXFrameworksBuildPhase;
			buildActionMask = 2147483647;
			files = (
				02D4D2DC1AC2575D00D43510 /* OpenGL.framework in Frameworks */,
				02D4D2DA1AC2575300D43510 /* GLUT.framework in Frameworks */,
				02D4D2D81AC2574D00D43510 /* Cocoa.framework in Frameworks */,
			);
			runOnlyForDeploymentPostprocessing = 0;
		};
/* End PBXFrameworksBuildPhase section */

/* Begin PBXGroup section */
		02D4D2C41AC2574200D43510 = {
			isa = PBXGroup;
			children = (
				02D4D2DB1AC2575D00D43510 /* OpenGL.framework */,
				02D4D2D91AC2575300D43510 /* GLUT.framework */,
				02D4D2D71AC2574D00D43510 /* Cocoa.framework */,
				02D4D2CF1AC2574200D43510 /* openGL */,
				02D4D2CE1AC2574200D43510 /* Products */,
			);
			sourceTree = "<group>";
		};
		02D4D2CE1AC2574200D43510 /* Products */ = {
			isa = PBXGroup;
			children = (
				02D4D2CD1AC2574200D43510 /* openGL */,
			);
			name = Products;
			sourceTree = "<group>";
		};
		02D4D2CF1AC2574200D43510 /* openGL */ = {
			isa = PBXGroup;
			children = (
				D8C26F0A1AD7957900B93BE4 /* help.png */,
				D8C26F051AD77AC700B93BE4 /* GL-Symbol-9.jpg */,
				D8C26F061AD77AC700B93BE4 /* GL-Symbol-9.png */,
				D8C26F071AD77AC700B93BE4 /* Laser.mov */,
				D8C26F081AD77AC700B93BE4 /* wpid-universe-wallpaper.jpg */,
				D8C26F091AD77AC700B93BE4 /* wpid-universe-wallpaper.png */,
				02D4D2D01AC2574200D43510 /* main.cpp */,
				D812276B1AD4F3AD00AB27AC /* SOILArchive */,
			);
			path = openGL;
			sourceTree = "<group>";
		};
		D812276B1AD4F3AD00AB27AC /* SOILArchive */ = {
			isa = PBXGroup;
			children = (
				D812276C1AD4F3AD00AB27AC /* image_DXT.c */,
				D812276D1AD4F3AD00AB27AC /* image_DXT.h */,
				D812276E1AD4F3AD00AB27AC /* image_helper.c */,
				D812276F1AD4F3AD00AB27AC /* image_helper.h */,
				D81227701AD4F3AD00AB27AC /* SOIL.c */,
				D81227711AD4F3AD00AB27AC /* SOIL.h */,
				D81227721AD4F3AD00AB27AC /* stb_image_aug.c */,
				D81227731AD4F3AD00AB27AC /* stb_image_aug.h */,
				D81227741AD4F3AD00AB27AC /* stbi_DDS_aug.h */,
				D81227751AD4F3AD00AB27AC /* stbi_DDS_aug_c.h */,
			);
			path = SOILArchive;
			sourceTree = "<group>";
		};
/* End PBXGroup section */

/* Begin PBXNativeTarget section */
		02D4D2CC1AC2574200D43510 /* openGL */ = {
			isa = PBXNativeTarget;
			buildConfigurationList = 02D4D2D41AC2574200D43510 /* Build configuration list for PBXNativeTarget "openGL" */;
			buildPhases = (
				02D4D2C91AC2574200D43510 /* Sources */,
				02D4D2CA1AC2574200D43510 /* Frameworks */,
				02D4D2CB1AC2574200D43510 /* CopyFiles */,
			);
			buildRules = (
			);
			dependencies = (
			);
			name = openGL;
			productName = openGL;
			productReference = 02D4D2CD1AC2574200D43510 /* openGL */;
			productType = "com.apple.product-type.tool";
		};
/* End PBXNativeTarget section */

/* Begin PBXProject section */
		02D4D2C51AC2574200D43510 /* Project object */ = {
			isa = PBXProject;
			attributes = {
				LastUpgradeCheck = 0610;
				ORGANIZATIONNAME = "Oliver Seifert";
				TargetAttributes = {
					02D4D2CC1AC2574200D43510 = {
						CreatedOnToolsVersion = 6.1.1;
					};
				};
			};
			buildConfigurationList = 02D4D2C81AC2574200D43510 /* Build configuration list for PBXProject "openGL" */;
			compatibilityVersion = "Xcode 3.2";
			developmentRegion = English;
			hasScannedForEncodings = 0;
			knownRegions = (
				en,
			);
			mainGroup = 02D4D2C41AC2574200D43510;
			productRefGroup = 02D4D2CE1AC2574200D43510 /* Products */;
			projectDirPath = "";
			projectRoot = "";
			targets = (
				02D4D2CC1AC2574200D43510 /* openGL */,
			);
		};
/* End PBXProject section */

/* Begin PBXSourcesBuildPhase section */
		02D4D2C91AC2574200D43510 /* Sources */ = {
			isa = PBXSourcesBuildPhase;
			buildActionMask = 2147483647;
			files = (
				D81227771AD4F3AD00AB27AC /* image_helper.c in Sources */,
				D81227791AD4F3AD00AB27AC /* stb_image_aug.c in Sources */,
				D81227761AD4F3AD00AB27AC /* image_DXT.c in Sources */,
				D81227781AD4F3AD00AB27AC /* SOIL.c in Sources */,
				02D4D2D11AC2574200D43510 /* main.cpp in Sources */,
			);
			runOnlyForDeploymentPostprocessing = 0;
		};
/* End PBXSourcesBuildPhase section */

/* Begin XCBuildConfiguration section */
		02D4D2D21AC2574200D43510 /* Debug */ = {
			isa = XCBuildConfiguration;
			buildSettings = {
				ALWAYS_SEARCH_USER_PATHS = NO;
				CLANG_CXX_LANGUAGE_STANDARD = "gnu++0x";
				CLANG_CXX_LIBRARY = "libc++";
				CLANG_ENABLE_MODULES = YES;
				CLANG_ENABLE_OBJC_ARC = YES;
				CLANG_WARN_BOOL_CONVERSION = YES;
				CLANG_WARN_CONSTANT_CONVERSION = YES;
				CLANG_WARN_DIRECT_OBJC_ISA_USAGE = YES_ERROR;
				CLANG_WARN_EMPTY_BODY = YES;
				CLANG_WARN_ENUM_CONVERSION = YES;
				CLANG_WARN_INT_CONVERSION = YES;
				CLANG_WARN_OBJC_ROOT_CLASS = YES_ERROR;
				CLANG_WARN_UNREACHABLE_CODE = YES;
				CLANG_WARN__DUPLICATE_METHOD_MATCH = YES;
				COPY_PHASE_STRIP = NO;
				ENABLE_STRICT_OBJC_MSGSEND = YES;
				GCC_C_LANGUAGE_STANDARD = gnu99;
				GCC_DYNAMIC_NO_PIC = NO;
				GCC_OPTIMIZATION_LEVEL = 0;
				GCC_PREPROCESSOR_DEFINITIONS = (
					"DEBUG=1",
					"$(inherited)",
				);
				GCC_SYMBOLS_PRIVATE_EXTERN = NO;
				GCC_WARN_64_TO_32_BIT_CONVERSION = YES;
				GCC_WARN_ABOUT_RETURN_TYPE = YES_ERROR;
				GCC_WARN_UNDECLARED_SELECTOR = YES;
				GCC_WARN_UNINITIALIZED_AUTOS = YES_AGGRESSIVE;
				GCC_WARN_UNUSED_FUNCTION = YES;
				GCC_WARN_UNUSED_VARIABLE = YES;
				MACOSX_DEPLOYMENT_TARGET = 10.10;
				MTL_ENABLE_DEBUG_INFO = YES;
				ONLY_ACTIVE_ARCH = YES;
				SDKROOT = macosx;
			};
			name = Debug;
		};
		02D4D2D31AC2574200D43510 /* Release */ = {
			isa = XCBuildConfiguration;
			buildSettings = {
				ALWAYS_SEARCH_USER_PATHS = NO;
				CLANG_CXX_LANGUAGE_STANDARD = "gnu++0x";
				CLANG_CXX_LIBRARY = "libc++";
				CLANG_ENABLE_MODULES = YES;
				CLANG_ENABLE_OBJC_ARC = YES;
				CLANG_WARN_BOOL_CONVERSION = YES;
				CLANG_WARN_CONSTANT_CONVERSION = YES;
				CLANG_WARN_DIRECT_OBJC_ISA_USAGE = YES_ERROR;
				CLANG_WARN_EMPTY_BODY = YES;
				CLANG_WARN_ENUM_CONVERSION = YES;
				CLANG_WARN_INT_CONVERSION = YES;
				CLANG_WARN_OBJC_ROOT_CLASS = YES_ERROR;
				CLANG_WARN_UNREACHABLE_CODE = YES;
				CLANG_WARN__DUPLICATE_METHOD_MATCH = YES;
				COPY_PHASE_STRIP = YES;
				DEBUG_INFORMATION_FORMAT = "dwarf-with-dsym";
				ENABLE_NS_ASSERTIONS = NO;
				ENABLE_STRICT_OBJC_MSGSEND = YES;
				GCC_C_LANGUAGE_STANDARD = gnu99;
				GCC_WARN_64_TO_32_BIT_CONVERSION = YES;
				GCC_WARN_ABOUT_RETURN_TYPE = YES_ERROR;
				GCC_WARN_UNDECLARED_SELECTOR = YES;
				GCC_WARN_UNINITIALIZED_AUTOS = YES_AGGRESSIVE;
				GCC_WARN_UNUSED_FUNCTION = YES;
				GCC_WARN_UNUSED_VARIABLE = YES;
				MACOSX_DEPLOYMENT_TARGET = 10.10;
				MTL_ENABLE_DEBUG_INFO = NO;
				SDKROOT = macosx;
			};
			name = Release;
		};
		02D4D2D51AC2574200D43510 /* Debug */ = {
			isa = XCBuildConfiguration;
			buildSettings = {
				PRODUCT_NAME = "$(TARGET_NAME)";
			};
			name = Debug;
		};
		02D4D2D61AC2574200D43510 /* Release */ = {
			isa = XCBuildConfiguration;
			buildSettings = {
				PRODUCT_NAME = "$(TARGET_NAME)";
			};
			name = Release;
		};
/* End XCBuildConfiguration section */

/* Begin XCConfigurationList section */
		02D4D2C81AC2574200D43510 /* Build configuration list for PBXProject "openGL" */ = {
			isa = XCConfigurationList;
			buildConfigurations = (
				02D4D2D21AC2574200D43510 /* Debug */,
				02D4D2D31AC2574200D43510 /* Release */,
			);
			defaultConfigurationIsVisible = 0;
			defaultConfigurationName = Release;
		};
		02D4D2D41AC2574200D43510 /* Build configuration list for PBXNativeTarget "openGL" */ = {
			isa = XCConfigurationList;
			buildConfigurations = (
				02D4D2D51AC2574200D43510 /* Debug */,
				02D4D2D61AC2574200D43510 /* Release */,
			);
			defaultConfigurationIsVisible = 0;
			defaultConfigurationName = Release;
		};
/* End XCConfigurationList section */
	};
	rootObject = 02D4D2C51AC2574200D43510 /* Project object */;
}
